
Microsoft Visual Studio Solution File, Format Version 12.00
# Visual Studio Version 17
VisualStudioVersion = 17.8.34511.84
MinimumVisualStudioVersion = 10.0.40219.1
Project("{9A19103F-16F7-4668-BE54-9A1E7A4F7556}") = "OrderBookLib", "OrderBookLib\OrderBookLib.csproj", "{8424B77C-F19A-4800-9AA6-BA54C189CD03}"
EndProject
Project("{9A19103F-16F7-4668-BE54-9A1E7A4F7556}") = "OrderBookUI", "OrderBookUI\OrderBookUI.csproj", "{75C0B89B-5F10-43D2-8E76-3B08A703F9B0}"
EndProject
Global
	GlobalSection(SolutionConfigurationPlatforms) = preSolution
		Debug|Any CPU = Debug|Any CPU
		Release|Any CPU = Release|Any CPU
	EndGlobalSection
	GlobalSection(ProjectConfigurationPlatforms) = postSolution
		{8424B77C-F19A-4800-9AA6-BA54C189CD03}.Debug|Any CPU.ActiveCfg = Debug|Any CPU
		{8424B77C-F19A-4800-9AA6-BA54C189CD03}.Debug|Any CPU.Build.0 = Debug|Any CPU
		{8424B77C-F19A-4800-9AA6-BA54C189CD03}.Release|Any CPU.ActiveCfg = Release|Any CPU
		{8424B77C-F19A-4800-9AA6-BA54C189CD03}.Release|Any CPU.Build.0 = Release|Any CPU
		{75C0B89B-5F10-43D2-8E76-3B08A703F9B0}.Debug|Any CPU.ActiveCfg = Debug|Any CPU
		{75C0B89B-5F10-43D2-8E76-3B08A703F9B0}.Debug|Any CPU.Build.0 = Debug|Any CPU
		{75C0B89B-5F10-43D2-8E76-3B08A703F9B0}.Release|Any CPU.ActiveCfg = Release|Any CPU
		{75C0B89B-5F10-43D2-8E76-3B08A703F9B0}.Release|Any CPU.Build.0 = Release|Any CPU
	EndGlobalSection
	GlobalSection(SolutionProperties) = preSolution
		HideSolutionNode = FALSE
	EndGlobalSection
	GlobalSection(ExtensibilityGlobals) = postSolution
		SolutionGuid = {F1A4A995-CA7D-49E8-952E-ABE34BB37061}
	EndGlobalSection
EndGlobal
